{
  "object": {
    "pins": [
      {
        "package": "swift-case-paths",
        "repositoryURL": "https://github.com/pointfreeco/swift-case-paths",
        "state": {
          "branch": "main",
          "revision": "f73f4939ff6adb1826b61d56344245bcac4a73de",
          "version": null
        }
      },
      {
        "package": "swift-collections",
        "repositoryURL": "https://github.com/apple/swift-collections",
        "state": {
          "branch": null,
          "revision": "2d33a0ea89c961dcb2b3da2157963d9c0370347e",
          "version": "1.0.1"
        }
      },
      {
        "package": "swift-identified-collections",
        "repositoryURL": "https://github.com/pointfreeco/swift-identified-collections",
        "state": {
          "branch": null,
          "revision": "f76e7d3fe4265ee09216044ec3780d74f546ca82",
          "version": "0.3.1"
        }
      }
    ]
  },
  "version": 1
}
